PODS:
  - google-cast-sdk (4.4.2):
    - google-cast-sdk/Core (= 4.4.2)
    - Protobuf (~> 3.0)
  - google-cast-sdk/Core (4.4.2):
    - Protobuf (~> 3.0)
  - Protobuf (3.8.0)

DEPENDENCIES:
  - google-cast-sdk (~> 4.4)

SPEC REPOS:
  https://github.com/cocoapods/specs.git:
    - google-cast-sdk
    - Protobuf

SPEC CHECKSUMS:
  google-cast-sdk: ac9ea41d61026406869bf696b2e7f87971a4cf1f
  Protobuf: 3f617b9a6e73605565086864c9bc26b2bf2dd5a3

PODFILE CHECKSUM: 45e90b6a1981a25542d67c5e6d2915e0ddddd054

COCOAPODS: 1.5.3
